
Microsoft Visual Studio Solution File, Format Version 12.00
# Visual Studio 2013
VisualStudioVersion = 12.0.21005.1
MinimumVisualStudioVersion = 10.0.40219.1
Project("{FAE04EC0-301F-11D3-BF4B-00C04F79EFBC}") = "college management system", "..\..\New folder\WindowsFormsApplication2\WindowsFormsApplication2\college management system.csproj", "{543215C8-FE74-4EEE-B135-7B42FFAE3513}"
EndProject
Global
	GlobalSection(SolutionConfigurationPlatforms) = preSolution
		Debug|Any CPU = Debug|Any CPU
		Release|Any CPU = Release|Any CPU
	EndGlobalSection
	GlobalSection(ProjectConfigurationPlatforms) = postSolution
		{543215C8-FE74-4EEE-B135-7B42FFAE3513}.Debug|Any CPU.ActiveCfg = Debug|Any CPU
		{543215C8-FE74-4EEE-B135-7B42FFAE3513}.Debug|Any CPU.Build.0 = Debug|Any CPU
		{543215C8-FE74-4EEE-B135-7B42FFAE3513}.Release|Any CPU.ActiveCfg = Release|Any CPU
		{543215C8-FE74-4EEE-B135-7B42FFAE3513}.Release|Any CPU.Build.0 = Release|Any CPU
	EndGlobalSection
	GlobalSection(SolutionProperties) = preSolution
		HideSolutionNode = FALSE
	EndGlobalSection
EndGlobal
